// !$*UTF8*$!
{
	archiveVersion = 1;
	classes = {
	};
	objectVersion = 51;
	objects = {

/* Begin PBXBuildFile section */
		39325AE5283649C1002363D1 /* AppDelegate.swift in Sources */ = {isa = PBXBuildFile; fileRef = 39325AE4283649C1002363D1 /* AppDelegate.swift */; };
		39325AE7283649C1002363D1 /* SceneDelegate.swift in Sources */ = {isa = PBXBuildFile; fileRef = 39325AE6283649C1002363D1 /* SceneDelegate.swift */; };
		39325AE9283649C1002363D1 /* MainViewController.swift in Sources */ = {isa = PBXBuildFile; fileRef = 39325AE8283649C1002363D1 /* MainViewController.swift */; };
		39325AEC283649C1002363D1 /* Main.storyboard in Resources */ = {isa = PBXBuildFile; fileRef = 39325AEA283649C1002363D1 /* Main.storyboard */; };
		39325AEE283649C2002363D1 /* Assets.xcassets in Resources */ = {isa = PBXBuildFile; fileRef = 39325AED283649C2002363D1 /* Assets.xcassets */; };
		39325AF1283649C2002363D1 /* LaunchScreen.storyboard in Resources */ = {isa = PBXBuildFile; fileRef = 39325AEF283649C2002363D1 /* LaunchScreen.storyboard */; };
		39325AFA28369D9B002363D1 /* VerticalsTableViewCell.xib in Resources */ = {isa = PBXBuildFile; fileRef = 39325AF928369D9B002363D1 /* VerticalsTableViewCell.xib */; };
		39325AFD28369E2D002363D1 /* VerticalsTableViewCell.swift in Sources */ = {isa = PBXBuildFile; fileRef = 39325AFC28369E2D002363D1 /* VerticalsTableViewCell.swift */; };
		39325B012836AB83002363D1 /* CorousalViewCollectionViewCell.xib in Resources */ = {isa = PBXBuildFile; fileRef = 39325B002836AB83002363D1 /* CorousalViewCollectionViewCell.xib */; };
		39325B042836B8B0002363D1 /* CorousalViewCollectionViewCell.swift in Sources */ = {isa = PBXBuildFile; fileRef = 39325B032836B8B0002363D1 /* CorousalViewCollectionViewCell.swift */; };
		39325B0828377E1A002363D1 /* Shop.storyboard in Resources */ = {isa = PBXBuildFile; fileRef = 39325B0728377E1A002363D1 /* Shop.storyboard */; };
		39325B0B283780D2002363D1 /* ShopTabBarController.swift in Sources */ = {isa = PBXBuildFile; fileRef = 39325B0A283780D2002363D1 /* ShopTabBarController.swift */; };
		39645969283FF79E00601A17 /* EpisodesDetailVC.swift in Sources */ = {isa = PBXBuildFile; fileRef = 39645968283FF79E00601A17 /* EpisodesDetailVC.swift */; };
		3964596B28410F5000601A17 /* GlobalHomeVM.swift in Sources */ = {isa = PBXBuildFile; fileRef = 3964596A28410F5000601A17 /* GlobalHomeVM.swift */; };
		3964596D28410FB300601A17 /* Network Manager.swift in Sources */ = {isa = PBXBuildFile; fileRef = 3964596C28410FB300601A17 /* Network Manager.swift */; };
		3964596F284111AB00601A17 /* GlobalHomeJsonData.json in Resources */ = {isa = PBXBuildFile; fileRef = 3964596E284111AB00601A17 /* GlobalHomeJsonData.json */; };
		396459712841131400601A17 /* GlobalHomeDataModel.swift in Sources */ = {isa = PBXBuildFile; fileRef = 396459702841131400601A17 /* GlobalHomeDataModel.swift */; };
		3964597328422E0600601A17 /* WatchHomeVM.swift in Sources */ = {isa = PBXBuildFile; fileRef = 3964597228422E0600601A17 /* WatchHomeVM.swift */; };
		3964597528422E4E00601A17 /* WatchHomeDataModel.swift in Sources */ = {isa = PBXBuildFile; fileRef = 3964597428422E4E00601A17 /* WatchHomeDataModel.swift */; };
		3964597D2843CE6600601A17 /* SeasonsCVCell.xib in Resources */ = {isa = PBXBuildFile; fileRef = 3964597C2843CE6600601A17 /* SeasonsCVCell.xib */; };
		3964597F2843CEAD00601A17 /* SeasonsCVCell.swift in Sources */ = {isa = PBXBuildFile; fileRef = 3964597E2843CEAD00601A17 /* SeasonsCVCell.swift */; };
		396459812843E12500601A17 /* ReUsableView.swift in Sources */ = {isa = PBXBuildFile; fileRef = 396459802843E12500601A17 /* ReUsableView.swift */; };
		396459832843E19900601A17 /* UITableView.swift in Sources */ = {isa = PBXBuildFile; fileRef = 396459822843E19900601A17 /* UITableView.swift */; };
		396459852843E35B00601A17 /* UICollectionView.swift in Sources */ = {isa = PBXBuildFile; fileRef = 396459842843E35B00601A17 /* UICollectionView.swift */; };
		39A977AE28450DA200414FA3 /* EpisodeDetailsVM.swift in Sources */ = {isa = PBXBuildFile; fileRef = 39A977AD28450DA200414FA3 /* EpisodeDetailsVM.swift */; };
		39A977B028450DB000414FA3 /* EpisodeDetailsDataModel.swift in Sources */ = {isa = PBXBuildFile; fileRef = 39A977AF28450DB000414FA3 /* EpisodeDetailsDataModel.swift */; };
		39AD38F728468A5C0053CBA7 /* EpisodeDetailsJsonData.json in Resources */ = {isa = PBXBuildFile; fileRef = 39AD38F628468A5C0053CBA7 /* EpisodeDetailsJsonData.json */; };
		39AD38F92846A2150053CBA7 /* WatchHomeJsonFile.json in Resources */ = {isa = PBXBuildFile; fileRef = 39AD38F82846A2150053CBA7 /* WatchHomeJsonFile.json */; };
		39C7EF91283BCC1C00113591 /* Watch.storyboard in Resources */ = {isa = PBXBuildFile; fileRef = 39C7EF90283BCC1C00113591 /* Watch.storyboard */; };
		39C7EF94283BD79800113591 /* WatchTabBarController.swift in Sources */ = {isa = PBXBuildFile; fileRef = 39C7EF93283BD79800113591 /* WatchTabBarController.swift */; };
		39C7EF97283BD90A00113591 /* WatchViewController.swift in Sources */ = {isa = PBXBuildFile; fileRef = 39C7EF96283BD90A00113591 /* WatchViewController.swift */; };
		39C7EF9B283BE1EE00113591 /* WatchHeaderCVCell.xib in Resources */ = {isa = PBXBuildFile; fileRef = 39C7EF9A283BE1EE00113591 /* WatchHeaderCVCell.xib */; };
		39C7EF9E283BE3D700113591 /* WatchHeaderCVCell.swift in Sources */ = {isa = PBXBuildFile; fileRef = 39C7EF9D283BE3D700113591 /* WatchHeaderCVCell.swift */; };
		39C7EFA2283BED1F00113591 /* EpisodesTableViewCell.xib in Resources */ = {isa = PBXBuildFile; fileRef = 39C7EFA1283BED1F00113591 /* EpisodesTableViewCell.xib */; };
		39C7EFA5283BED4600113591 /* EpisodesTableViewCell.swift in Sources */ = {isa = PBXBuildFile; fileRef = 39C7EFA4283BED4600113591 /* EpisodesTableViewCell.swift */; };
		39C7EFAF283BF07C00113591 /* EpisodeCollectionViewCell.swift in Sources */ = {isa = PBXBuildFile; fileRef = 39C7EFAE283BF07C00113591 /* EpisodeCollectionViewCell.swift */; };
		39C7EFB3283BF17900113591 /* EpisodeCollectionViewCell.xib in Resources */ = {isa = PBXBuildFile; fileRef = 39C7EFB2283BF17900113591 /* EpisodeCollectionViewCell.xib */; };
		39E345772845DABE0034927A /* Constants.swift in Sources */ = {isa = PBXBuildFile; fileRef = 39E345762845DABE0034927A /* Constants.swift */; };
		963CA5CC5CD25CD8D5D6D039 /* Pods_Sample.framework in Frameworks */ = {isa = PBXBuildFile; fileRef = 4F7096F4986E3F1AA2917534 /* Pods_Sample.framework */; };
/* End PBXBuildFile section */

/* Begin PBXFileReference section */
		39325AE1283649C1002363D1 /* Sample.app */ = {isa = PBXFileReference; explicitFileType = wrapper.application; includeInIndex = 0; path = Sample.app; sourceTree = BUILT_PRODUCTS_DIR; };
		39325AE4283649C1002363D1 /* AppDelegate.swift */ = {isa = PBXFileReference; lastKnownFileType = sourcecode.swift; path = AppDelegate.swift; sourceTree = "<group>"; };
		39325AE6283649C1002363D1 /* SceneDelegate.swift */ = {isa = PBXFileReference; lastKnownFileType = sourcecode.swift; path = SceneDelegate.swift; sourceTree = "<group>"; };
		39325AE8283649C1002363D1 /* MainViewController.swift */ = {isa = PBXFileReference; lastKnownFileType = sourcecode.swift; path = MainViewController.swift; sourceTree = "<group>"; };
		39325AEB283649C1002363D1 /* Base */ = {isa = PBXFileReference; lastKnownFileType = file.storyboard; name = Base; path = Base.lproj/Main.storyboard; sourceTree = "<group>"; };
		39325AED283649C2002363D1 /* Assets.xcassets */ = {isa = PBXFileReference; lastKnownFileType = folder.assetcatalog; path = Assets.xcassets; sourceTree = "<group>"; };
		39325AF0283649C2002363D1 /* Base */ = {isa = PBXFileReference; lastKnownFileType = file.storyboard; name = Base; path = Base.lproj/LaunchScreen.storyboard; sourceTree = "<group>"; };
		39325AF2283649C2002363D1 /* Info.plist */ = {isa = PBXFileReference; lastKnownFileType = text.plist.xml; path = Info.plist; sourceTree = "<group>"; };
		39325AF928369D9B002363D1 /* VerticalsTableViewCell.xib */ = {isa = PBXFileReference; lastKnownFileType = file.xib; path = VerticalsTableViewCell.xib; sourceTree = "<group>"; };
		39325AFC28369E2D002363D1 /* VerticalsTableViewCell.swift */ = {isa = PBXFileReference; lastKnownFileType = sourcecode.swift; path = VerticalsTableViewCell.swift; sourceTree = "<group>"; };
		39325B002836AB83002363D1 /* CorousalViewCollectionViewCell.xib */ = {isa = PBXFileReference; lastKnownFileType = file.xib; path = CorousalViewCollectionViewCell.xib; sourceTree = "<group>"; };
		39325B032836B8B0002363D1 /* CorousalViewCollectionViewCell.swift */ = {isa = PBXFileReference; lastKnownFileType = sourcecode.swift; path = CorousalViewCollectionViewCell.swift; sourceTree = "<group>"; };
		39325B0728377E1A002363D1 /* Shop.storyboard */ = {isa = PBXFileReference; lastKnownFileType = file.storyboard; path = Shop.storyboard; sourceTree = "<group>"; };
		39325B0A283780D2002363D1 /* ShopTabBarController.swift */ = {isa = PBXFileReference; lastKnownFileType = sourcecode.swift; path = ShopTabBarController.swift; sourceTree = "<group>"; };
		39645968283FF79E00601A17 /* EpisodesDetailVC.swift */ = {isa = PBXFileReference; lastKnownFileType = sourcecode.swift; path = EpisodesDetailVC.swift; sourceTree = "<group>"; };
		3964596A28410F5000601A17 /* GlobalHomeVM.swift */ = {isa = PBXFileReference; lastKnownFileType = sourcecode.swift; path = GlobalHomeVM.swift; sourceTree = "<group>"; };
		3964596C28410FB300601A17 /* Network Manager.swift */ = {isa = PBXFileReference; lastKnownFileType = sourcecode.swift; path = "Network Manager.swift"; sourceTree = "<group>"; };
		3964596E284111AB00601A17 /* GlobalHomeJsonData.json */ = {isa = PBXFileReference; lastKnownFileType = text.json; path = GlobalHomeJsonData.json; sourceTree = "<group>"; };
		396459702841131400601A17 /* GlobalHomeDataModel.swift */ = {isa = PBXFileReference; lastKnownFileType = sourcecode.swift; path = GlobalHomeDataModel.swift; sourceTree = "<group>"; };
		3964597228422E0600601A17 /* WatchHomeVM.swift */ = {isa = PBXFileReference; lastKnownFileType = sourcecode.swift; path = WatchHomeVM.swift; sourceTree = "<group>"; };
		3964597428422E4E00601A17 /* WatchHomeDataModel.swift */ = {isa = PBXFileReference; lastKnownFileType = sourcecode.swift; path = WatchHomeDataModel.swift; sourceTree = "<group>"; };
		3964597C2843CE6600601A17 /* SeasonsCVCell.xib */ = {isa = PBXFileReference; lastKnownFileType = file.xib; path = SeasonsCVCell.xib; sourceTree = "<group>"; };
		3964597E2843CEAD00601A17 /* SeasonsCVCell.swift */ = {isa = PBXFileReference; lastKnownFileType = sourcecode.swift; path = SeasonsCVCell.swift; sourceTree = "<group>"; };
		396459802843E12500601A17 /* ReUsableView.swift */ = {isa = PBXFileReference; lastKnownFileType = sourcecode.swift; path = ReUsableView.swift; sourceTree = "<group>"; };
		396459822843E19900601A17 /* UITableView.swift */ = {isa = PBXFileReference; lastKnownFileType = sourcecode.swift; path = UITableView.swift; sourceTree = "<group>"; };
		396459842843E35B00601A17 /* UICollectionView.swift */ = {isa = PBXFileReference; lastKnownFileType = sourcecode.swift; path = UICollectionView.swift; sourceTree = "<group>"; };
		39A977AD28450DA200414FA3 /* EpisodeDetailsVM.swift */ = {isa = PBXFileReference; lastKnownFileType = sourcecode.swift; path = EpisodeDetailsVM.swift; sourceTree = "<group>"; };
		39A977AF28450DB000414FA3 /* EpisodeDetailsDataModel.swift */ = {isa = PBXFileReference; lastKnownFileType = sourcecode.swift; path = EpisodeDetailsDataModel.swift; sourceTree = "<group>"; };
		39A977B42845420200414FA3 /* brandon-grotesque-black.ttf */ = {isa = PBXFileReference; lastKnownFileType = file; path = "brandon-grotesque-black.ttf"; sourceTree = "<group>"; };
		39A977B52845421700414FA3 /* brandon-grotesque-bold-italic.ttf */ = {isa = PBXFileReference; lastKnownFileType = file; path = "brandon-grotesque-bold-italic.ttf"; sourceTree = "<group>"; };
		39A977B62845422200414FA3 /* brandon-grotesque-medium-italic.ttf */ = {isa = PBXFileReference; lastKnownFileType = file; path = "brandon-grotesque-medium-italic.ttf"; sourceTree = "<group>"; };
		39AD38F628468A5C0053CBA7 /* EpisodeDetailsJsonData.json */ = {isa = PBXFileReference; lastKnownFileType = text.json; path = EpisodeDetailsJsonData.json; sourceTree = "<group>"; };
		39AD38F82846A2150053CBA7 /* WatchHomeJsonFile.json */ = {isa = PBXFileReference; lastKnownFileType = text.json; path = WatchHomeJsonFile.json; sourceTree = "<group>"; };
		39C7EF90283BCC1C00113591 /* Watch.storyboard */ = {isa = PBXFileReference; lastKnownFileType = file.storyboard; path = Watch.storyboard; sourceTree = "<group>"; };
		39C7EF93283BD79800113591 /* WatchTabBarController.swift */ = {isa = PBXFileReference; lastKnownFileType = sourcecode.swift; path = WatchTabBarController.swift; sourceTree = "<group>"; };
		39C7EF96283BD90A00113591 /* WatchViewController.swift */ = {isa = PBXFileReference; lastKnownFileType = sourcecode.swift; path = WatchViewController.swift; sourceTree = "<group>"; };
		39C7EF9A283BE1EE00113591 /* WatchHeaderCVCell.xib */ = {isa = PBXFileReference; lastKnownFileType = file.xib; path = WatchHeaderCVCell.xib; sourceTree = "<group>"; };
		39C7EF9D283BE3D700113591 /* WatchHeaderCVCell.swift */ = {isa = PBXFileReference; lastKnownFileType = sourcecode.swift; path = WatchHeaderCVCell.swift; sourceTree = "<group>"; };
		39C7EFA1283BED1F00113591 /* EpisodesTableViewCell.xib */ = {isa = PBXFileReference; lastKnownFileType = file.xib; path = EpisodesTableViewCell.xib; sourceTree = "<group>"; };
		39C7EFA4283BED4600113591 /* EpisodesTableViewCell.swift */ = {isa = PBXFileReference; lastKnownFileType = sourcecode.swift; path = EpisodesTableViewCell.swift; sourceTree = "<group>"; };
		39C7EFAE283BF07C00113591 /* EpisodeCollectionViewCell.swift */ = {isa = PBXFileReference; lastKnownFileType = sourcecode.swift; path = EpisodeCollectionViewCell.swift; sourceTree = "<group>"; };
		39C7EFB2283BF17900113591 /* EpisodeCollectionViewCell.xib */ = {isa = PBXFileReference; lastKnownFileType = file.xib; path = EpisodeCollectionViewCell.xib; sourceTree = "<group>"; };
		39E345762845DABE0034927A /* Constants.swift */ = {isa = PBXFileReference; lastKnownFileType = sourcecode.swift; path = Constants.swift; sourceTree = "<group>"; };
		3D9AC734FD0DEC4BE1D57A7C /* Pods-Sample.debug.xcconfig */ = {isa = PBXFileReference; includeInIndex = 1; lastKnownFileType = text.xcconfig; name = "Pods-Sample.debug.xcconfig"; path = "Target Support Files/Pods-Sample/Pods-Sample.debug.xcconfig"; sourceTree = "<group>"; };
		4F7096F4986E3F1AA2917534 /* Pods_Sample.framework */ = {isa = PBXFileReference; explicitFileType = wrapper.framework; includeInIndex = 0; path = Pods_Sample.framework; sourceTree = BUILT_PRODUCTS_DIR; };
		D8927C75FB4B4AA0BC01F75C /* Pods-Sample.release.xcconfig */ = {isa = PBXFileReference; includeInIndex = 1; lastKnownFileType = text.xcconfig; name = "Pods-Sample.release.xcconfig"; path = "Target Support Files/Pods-Sample/Pods-Sample.release.xcconfig"; sourceTree = "<group>"; };
/* End PBXFileReference section */

/* Begin PBXFrameworksBuildPhase section */
		39325ADE283649C1002363D1 /* Frameworks */ = {
			isa = PBXFrameworksBuildPhase;
			buildActionMask = 2147483647;
			files = (
				963CA5CC5CD25CD8D5D6D039 /* Pods_Sample.framework in Frameworks */,
			);
			runOnlyForDeploymentPostprocessing = 0;
		};
/* End PBXFrameworksBuildPhase section */

/* Begin PBXGroup section */
		3906E2C3283EA3640035CD72 /* Cells */ = {
			isa = PBXGroup;
			children = (
				39325B032836B8B0002363D1 /* CorousalViewCollectionViewCell.swift */,
				39325AFC28369E2D002363D1 /* VerticalsTableViewCell.swift */,
				3906E2C4283EA3980035CD72 /* Watch */,
			);
			path = Cells;
			sourceTree = "<group>";
		};
		3906E2C4283EA3980035CD72 /* Watch */ = {
			isa = PBXGroup;
			children = (
				39C7EF9D283BE3D700113591 /* WatchHeaderCVCell.swift */,
				39C7EFA4283BED4600113591 /* EpisodesTableViewCell.swift */,
				39C7EFAE283BF07C00113591 /* EpisodeCollectionViewCell.swift */,
				3964597E2843CEAD00601A17 /* SeasonsCVCell.swift */,
			);
			path = Watch;
			sourceTree = "<group>";
		};
		39325AD8283649C1002363D1 = {
			isa = PBXGroup;
			children = (
				39325AE3283649C1002363D1 /* Sample */,
				39325AE2283649C1002363D1 /* Products */,
				55E1094D76558B79EB5356D5 /* Pods */,
				D72273E2DA680108CE4B57B9 /* Frameworks */,
			);
			sourceTree = "<group>";
		};
		39325AE2283649C1002363D1 /* Products */ = {
			isa = PBXGroup;
			children = (
				39325AE1283649C1002363D1 /* Sample.app */,
			);
			name = Products;
			sourceTree = "<group>";
		};
		39325AE3283649C1002363D1 /* Sample */ = {
			isa = PBXGroup;
			children = (
				39325AE4283649C1002363D1 /* AppDelegate.swift */,
				39325AE6283649C1002363D1 /* SceneDelegate.swift */,
				39E345762845DABE0034927A /* Constants.swift */,
				39325B0E28378121002363D1 /* Magnolia */,
				3906E2C3283EA3640035CD72 /* Cells */,
				39325B0D283780FE002363D1 /* View */,
				3964597B2843C40400601A17 /* Json */,
				396459862843E4B000601A17 /* Helpers */,
				39325AF2283649C2002363D1 /* Info.plist */,
				39325AEF283649C2002363D1 /* LaunchScreen.storyboard */,
				39325AED283649C2002363D1 /* Assets.xcassets */,
				39A977B3284541AF00414FA3 /* Fonts */,
			);
			path = Sample;
			sourceTree = "<group>";
		};
		39325B0D283780FE002363D1 /* View */ = {
			isa = PBXGroup;
			children = (
				39C7EFB7283BFD7800113591 /* StoryBoards */,
				39C7EFB8283BFD8A00113591 /* xib */,
			);
			path = View;
			sourceTree = "<group>";
		};
		39325B0E28378121002363D1 /* Magnolia */ = {
			isa = PBXGroup;
			children = (
				3964597A2843C3EF00601A17 /* GlobalHome */,
				39C7EFA8283BEE9F00113591 /* Watch */,
				39C7EFAA283BEEB300113591 /* Shop */,
			);
			path = Magnolia;
			sourceTree = "<group>";
		};
		3964597A2843C3EF00601A17 /* GlobalHome */ = {
			isa = PBXGroup;
			children = (
				396459702841131400601A17 /* GlobalHomeDataModel.swift */,
				3964596A28410F5000601A17 /* GlobalHomeVM.swift */,
				39325AE8283649C1002363D1 /* MainViewController.swift */,
			);
			path = GlobalHome;
			sourceTree = "<group>";
		};
		3964597B2843C40400601A17 /* Json */ = {
			isa = PBXGroup;
			children = (
				3964596E284111AB00601A17 /* GlobalHomeJsonData.json */,
				39AD38F628468A5C0053CBA7 /* EpisodeDetailsJsonData.json */,
				39AD38F82846A2150053CBA7 /* WatchHomeJsonFile.json */,
			);
			path = Json;
			sourceTree = "<group>";
		};
		396459862843E4B000601A17 /* Helpers */ = {
			isa = PBXGroup;
			children = (
				3964596C28410FB300601A17 /* Network Manager.swift */,
				396459802843E12500601A17 /* ReUsableView.swift */,
				396459842843E35B00601A17 /* UICollectionView.swift */,
				396459822843E19900601A17 /* UITableView.swift */,
			);
			path = Helpers;
			sourceTree = "<group>";
		};
		39A977B3284541AF00414FA3 /* Fonts */ = {
			isa = PBXGroup;
			children = (
				39A977B42845420200414FA3 /* brandon-grotesque-black.ttf */,
				39A977B52845421700414FA3 /* brandon-grotesque-bold-italic.ttf */,
				39A977B62845422200414FA3 /* brandon-grotesque-medium-italic.ttf */,
			);
			path = Fonts;
			sourceTree = "<group>";
		};
		39AD38F42846797C0053CBA7 /* WatchLanding */ = {
			isa = PBXGroup;
			children = (
				3964597428422E4E00601A17 /* WatchHomeDataModel.swift */,
				3964597228422E0600601A17 /* WatchHomeVM.swift */,
				39C7EF96283BD90A00113591 /* WatchViewController.swift */,
			);
			path = WatchLanding;
			sourceTree = "<group>";
		};
		39AD38F52846798C0053CBA7 /* EpisodeDetails */ = {
			isa = PBXGroup;
			children = (
				39A977AF28450DB000414FA3 /* EpisodeDetailsDataModel.swift */,
				39A977AD28450DA200414FA3 /* EpisodeDetailsVM.swift */,
				39645968283FF79E00601A17 /* EpisodesDetailVC.swift */,
			);
			path = EpisodeDetails;
			sourceTree = "<group>";
		};
		39C7EFA8283BEE9F00113591 /* Watch */ = {
			isa = PBXGroup;
			children = (
				39AD38F42846797C0053CBA7 /* WatchLanding */,
				39AD38F52846798C0053CBA7 /* EpisodeDetails */,
				39C7EF93283BD79800113591 /* WatchTabBarController.swift */,
			);
			path = Watch;
			sourceTree = "<group>";
		};
		39C7EFAA283BEEB300113591 /* Shop */ = {
			isa = PBXGroup;
			children = (
				39325B0A283780D2002363D1 /* ShopTabBarController.swift */,
			);
			path = Shop;
			sourceTree = "<group>";
		};
		39C7EFB7283BFD7800113591 /* StoryBoards */ = {
			isa = PBXGroup;
			children = (
				39325AEA283649C1002363D1 /* Main.storyboard */,
				39325B0728377E1A002363D1 /* Shop.storyboard */,
				39C7EF90283BCC1C00113591 /* Watch.storyboard */,
			);
			path = StoryBoards;
			sourceTree = "<group>";
		};
		39C7EFB8283BFD8A00113591 /* xib */ = {
			isa = PBXGroup;
			children = (
				39325AF928369D9B002363D1 /* VerticalsTableViewCell.xib */,
				39325B002836AB83002363D1 /* CorousalViewCollectionViewCell.xib */,
				39C7EF9A283BE1EE00113591 /* WatchHeaderCVCell.xib */,
				39C7EFA1283BED1F00113591 /* EpisodesTableViewCell.xib */,
				39C7EFB2283BF17900113591 /* EpisodeCollectionViewCell.xib */,
				3964597C2843CE6600601A17 /* SeasonsCVCell.xib */,
			);
			path = xib;
			sourceTree = "<group>";
		};
		55E1094D76558B79EB5356D5 /* Pods */ = {
			isa = PBXGroup;
			children = (
				3D9AC734FD0DEC4BE1D57A7C /* Pods-Sample.debug.xcconfig */,
				D8927C75FB4B4AA0BC01F75C /* Pods-Sample.release.xcconfig */,
			);
			path = Pods;
			sourceTree = "<group>";
		};
		D72273E2DA680108CE4B57B9 /* Frameworks */ = {
			isa = PBXGroup;
			children = (
				4F7096F4986E3F1AA2917534 /* Pods_Sample.framework */,
			);
			name = Frameworks;
			sourceTree = "<group>";
		};
/* End PBXGroup section */

/* Begin PBXNativeTarget section */
		39325AE0283649C1002363D1 /* Sample */ = {
			isa = PBXNativeTarget;
			buildConfigurationList = 39325AF5283649C2002363D1 /* Build configuration list for PBXNativeTarget "Sample" */;
			buildPhases = (
				3A03005F2E4CCBB03D416E3E /* [CP] Check Pods Manifest.lock */,
				39325ADD283649C1002363D1 /* Sources */,
				39325ADE283649C1002363D1 /* Frameworks */,
				39325ADF283649C1002363D1 /* Resources */,
				1A2AC35B3A410579639F90E9 /* [CP] Embed Pods Frameworks */,
			);
			buildRules = (
			);
			dependencies = (
			);
			name = Sample;
			productName = Sample;
			productReference = 39325AE1283649C1002363D1 /* Sample.app */;
			productType = "com.apple.product-type.application";
		};
/* End PBXNativeTarget section */

/* Begin PBXProject section */
		39325AD9283649C1002363D1 /* Project object */ = {
			isa = PBXProject;
			attributes = {
				LastSwiftUpdateCheck = 1240;
				LastUpgradeCheck = 1240;
				TargetAttributes = {
					39325AE0283649C1002363D1 = {
						CreatedOnToolsVersion = 12.4;
					};
				};
			};
			buildConfigurationList = 39325ADC283649C1002363D1 /* Build configuration list for PBXProject "Sample" */;
			compatibilityVersion = "Xcode 9.3";
			developmentRegion = en;
			hasScannedForEncodings = 0;
			knownRegions = (
				en,
				Base,
			);
			mainGroup = 39325AD8283649C1002363D1;
			productRefGroup = 39325AE2283649C1002363D1 /* Products */;
			projectDirPath = "";
			projectRoot = "";
			targets = (
				39325AE0283649C1002363D1 /* Sample */,
			);
		};
/* End PBXProject section */

/* Begin PBXResourcesBuildPhase section */
		39325ADF283649C1002363D1 /* Resources */ = {
			isa = PBXResourcesBuildPhase;
			buildActionMask = 2147483647;
			files = (
				39AD38F728468A5C0053CBA7 /* EpisodeDetailsJsonData.json in Resources */,
				39325B0828377E1A002363D1 /* Shop.storyboard in Resources */,
				3964597D2843CE6600601A17 /* SeasonsCVCell.xib in Resources */,
				39C7EFA2283BED1F00113591 /* EpisodesTableViewCell.xib in Resources */,
				39325AF1283649C2002363D1 /* LaunchScreen.storyboard in Resources */,
				39325B012836AB83002363D1 /* CorousalViewCollectionViewCell.xib in Resources */,
				39325AEE283649C2002363D1 /* Assets.xcassets in Resources */,
				39325AEC283649C1002363D1 /* Main.storyboard in Resources */,
				39325AFA28369D9B002363D1 /* VerticalsTableViewCell.xib in Resources */,
				3964596F284111AB00601A17 /* GlobalHomeJsonData.json in Resources */,
				39C7EF91283BCC1C00113591 /* Watch.storyboard in Resources */,
				39C7EFB3283BF17900113591 /* EpisodeCollectionViewCell.xib in Resources */,
				39AD38F92846A2150053CBA7 /* WatchHomeJsonFile.json in Resources */,
				39C7EF9B283BE1EE00113591 /* WatchHeaderCVCell.xib in Resources */,
			);
			runOnlyForDeploymentPostprocessing = 0;
		};
/* End PBXResourcesBuildPhase section */

/* Begin PBXShellScriptBuildPhase section */
		1A2AC35B3A410579639F90E9 /* [CP] Embed Pods Frameworks */ = {
			isa = PBXShellScriptBuildPhase;
			buildActionMask = 2147483647;
			files = (
			);
			inputFileListPaths = (
				"${PODS_ROOT}/Target Support Files/Pods-Sample/Pods-Sample-frameworks-${CONFIGURATION}-input-files.xcfilelist",
			);
			name = "[CP] Embed Pods Frameworks";
			outputFileListPaths = (
				"${PODS_ROOT}/Target Support Files/Pods-Sample/Pods-Sample-frameworks-${CONFIGURATION}-output-files.xcfilelist",
			);
			runOnlyForDeploymentPostprocessing = 0;
			shellPath = /bin/sh;
			shellScript = "\"${PODS_ROOT}/Target Support Files/Pods-Sample/Pods-Sample-frameworks.sh\"\n";
			showEnvVarsInLog = 0;
		};
		3A03005F2E4CCBB03D416E3E /* [CP] Check Pods Manifest.lock */ = {
			isa = PBXShellScriptBuildPhase;
			buildActionMask = 2147483647;
			files = (
			);
			inputFileListPaths = (
			);
			inputPaths = (
				"${PODS_PODFILE_DIR_PATH}/Podfile.lock",
				"${PODS_ROOT}/Manifest.lock",
			);
			name = "[CP] Check Pods Manifest.lock";
			outputFileListPaths = (
			);
			outputPaths = (
				"$(DERIVED_FILE_DIR)/Pods-Sample-checkManifestLockResult.txt",
			);
			runOnlyForDeploymentPostprocessing = 0;
			shellPath = /bin/sh;
			shellScript = "diff \"${PODS_PODFILE_DIR_PATH}/Podfile.lock\" \"${PODS_ROOT}/Manifest.lock\" > /dev/null\nif [ $? != 0 ] ; then\n    # print error to STDERR\n    echo \"error: The sandbox is not in sync with the Podfile.lock. Run 'pod install' or update your CocoaPods installation.\" >&2\n    exit 1\nfi\n# This output is used by Xcode 'outputs' to avoid re-running this script phase.\necho \"SUCCESS\" > \"${SCRIPT_OUTPUT_FILE_0}\"\n";
			showEnvVarsInLog = 0;
		};
/* End PBXShellScriptBuildPhase section */

/* Begin PBXSourcesBuildPhase section */
		39325ADD283649C1002363D1 /* Sources */ = {
			isa = PBXSourcesBuildPhase;
			buildActionMask = 2147483647;
			files = (
				39C7EF9E283BE3D700113591 /* WatchHeaderCVCell.swift in Sources */,
				3964596D28410FB300601A17 /* Network Manager.swift in Sources */,
				39325AE9283649C1002363D1 /* MainViewController.swift in Sources */,
				39A977AE28450DA200414FA3 /* EpisodeDetailsVM.swift in Sources */,
				39C7EF94283BD79800113591 /* WatchTabBarController.swift in Sources */,
				39C7EF97283BD90A00113591 /* WatchViewController.swift in Sources */,
				39C7EFAF283BF07C00113591 /* EpisodeCollectionViewCell.swift in Sources */,
				39645969283FF79E00601A17 /* EpisodesDetailVC.swift in Sources */,
				39325AE5283649C1002363D1 /* AppDelegate.swift in Sources */,
				3964596B28410F5000601A17 /* GlobalHomeVM.swift in Sources */,
				396459852843E35B00601A17 /* UICollectionView.swift in Sources */,
				3964597528422E4E00601A17 /* WatchHomeDataModel.swift in Sources */,
				396459812843E12500601A17 /* ReUsableView.swift in Sources */,
				39325B0B283780D2002363D1 /* ShopTabBarController.swift in Sources */,
				39325AE7283649C1002363D1 /* SceneDelegate.swift in Sources */,
				39C7EFA5283BED4600113591 /* EpisodesTableViewCell.swift in Sources */,
				39325B042836B8B0002363D1 /* CorousalViewCollectionViewCell.swift in Sources */,
				39A977B028450DB000414FA3 /* EpisodeDetailsDataModel.swift in Sources */,
				396459712841131400601A17 /* GlobalHomeDataModel.swift in Sources */,
				39325AFD28369E2D002363D1 /* VerticalsTableViewCell.swift in Sources */,
				396459832843E19900601A17 /* UITableView.swift in Sources */,
				3964597F2843CEAD00601A17 /* SeasonsCVCell.swift in Sources */,
				3964597328422E0600601A17 /* WatchHomeVM.swift in Sources */,
				39E345772845DABE0034927A /* Constants.swift in Sources */,
			);
			runOnlyForDeploymentPostprocessing = 0;
		};
/* End PBXSourcesBuildPhase section */

/* Begin PBXVariantGroup section */
		39325AEA283649C1002363D1 /* Main.storyboard */ = {
			isa = PBXVariantGroup;
			children = (
				39325AEB283649C1002363D1 /* Base */,
			);
			name = Main.storyboard;
			sourceTree = "<group>";
		};
		39325AEF283649C2002363D1 /* LaunchScreen.storyboard */ = {
			isa = PBXVariantGroup;
			children = (
				39325AF0283649C2002363D1 /* Base */,
			);
			name = LaunchScreen.storyboard;
			sourceTree = "<group>";
		};
/* End PBXVariantGroup section */

/* Begin XCBuildConfiguration section */
		39325AF3283649C2002363D1 /* Debug */ = {
			isa = XCBuildConfiguration;
			buildSettings = {
				ALWAYS_SEARCH_USER_PATHS = NO;
				CLANG_ANALYZER_NONNULL = YES;
				CLANG_ANALYZER_NUMBER_OBJECT_CONVERSION = YES_AGGRESSIVE;
				CLANG_CXX_LANGUAGE_STANDARD = "gnu++14";
				CLANG_CXX_LIBRARY = "libc++";
				CLANG_ENABLE_MODULES = YES;
				CLANG_ENABLE_OBJC_ARC = YES;
				CLANG_ENABLE_OBJC_WEAK = YES;
				CLANG_WARN_BLOCK_CAPTURE_AUTORELEASING = YES;
				CLANG_WARN_BOOL_CONVERSION = YES;
				CLANG_WARN_COMMA = YES;
				CLANG_WARN_CONSTANT_CONVERSION = YES;
				CLANG_WARN_DEPRECATED_OBJC_IMPLEMENTATIONS = YES;
				CLANG_WARN_DIRECT_OBJC_ISA_USAGE = YES_ERROR;
				CLANG_WARN_DOCUMENTATION_COMMENTS = YES;
				CLANG_WARN_EMPTY_BODY = YES;
				CLANG_WARN_ENUM_CONVERSION = YES;
				CLANG_WARN_INFINITE_RECURSION = YES;
				CLANG_WARN_INT_CONVERSION = YES;
				CLANG_WARN_NON_LITERAL_NULL_CONVERSION = YES;
				CLANG_WARN_OBJC_IMPLICIT_RETAIN_SELF = YES;
				CLANG_WARN_OBJC_LITERAL_CONVERSION = YES;
				CLANG_WARN_OBJC_ROOT_CLASS = YES_ERROR;
				CLANG_WARN_QUOTED_INCLUDE_IN_FRAMEWORK_HEADER = YES;
				CLANG_WARN_RANGE_LOOP_ANALYSIS = YES;
				CLANG_WARN_STRICT_PROTOTYPES = YES;
				CLANG_WARN_SUSPICIOUS_MOVE = YES;
				CLANG_WARN_UNGUARDED_AVAILABILITY = YES_AGGRESSIVE;
				CLANG_WARN_UNREACHABLE_CODE = YES;
				CLANG_WARN__DUPLICATE_METHOD_MATCH = YES;
				COPY_PHASE_STRIP = NO;
				DEBUG_INFORMATION_FORMAT = dwarf;
				ENABLE_STRICT_OBJC_MSGSEND = YES;
				ENABLE_TESTABILITY = YES;
				GCC_C_LANGUAGE_STANDARD = gnu11;
				GCC_DYNAMIC_NO_PIC = NO;
				GCC_NO_COMMON_BLOCKS = YES;
				GCC_OPTIMIZATION_LEVEL = 0;
				GCC_PREPROCESSOR_DEFINITIONS = (
					"DEBUG=1",
					"$(inherited)",
				);
				GCC_WARN_64_TO_32_BIT_CONVERSION = YES;
				GCC_WARN_ABOUT_RETURN_TYPE = YES_ERROR;
				GCC_WARN_UNDECLARED_SELECTOR = YES;
				GCC_WARN_UNINITIALIZED_AUTOS = YES_AGGRESSIVE;
				GCC_WARN_UNUSED_FUNCTION = YES;
				GCC_WARN_UNUSED_VARIABLE = YES;
				IPHONEOS_DEPLOYMENT_TARGET = 14.4;
				MTL_ENABLE_DEBUG_INFO = INCLUDE_SOURCE;
				MTL_FAST_MATH = YES;
				ONLY_ACTIVE_ARCH = YES;
				SDKROOT = iphoneos;
				SWIFT_ACTIVE_COMPILATION_CONDITIONS = DEBUG;
				SWIFT_OPTIMIZATION_LEVEL = "-Onone";
			};
			name = Debug;
		};
		39325AF4283649C2002363D1 /* Release */ = {
			isa = XCBuildConfiguration;
			buildSettings = {
				ALWAYS_SEARCH_USER_PATHS = NO;
				CLANG_ANALYZER_NONNULL = YES;
				CLANG_ANALYZER_NUMBER_OBJECT_CONVERSION = YES_AGGRESSIVE;
				CLANG_CXX_LANGUAGE_STANDARD = "gnu++14";
				CLANG_CXX_LIBRARY = "libc++";
				CLANG_ENABLE_MODULES = YES;
				CLANG_ENABLE_OBJC_ARC = YES;
				CLANG_ENABLE_OBJC_WEAK = YES;
				CLANG_WARN_BLOCK_CAPTURE_AUTORELEASING = YES;
				CLANG_WARN_BOOL_CONVERSION = YES;
				CLANG_WARN_COMMA = YES;
				CLANG_WARN_CONSTANT_CONVERSION = YES;
				CLANG_WARN_DEPRECATED_OBJC_IMPLEMENTATIONS = YES;
				CLANG_WARN_DIRECT_OBJC_ISA_USAGE = YES_ERROR;
				CLANG_WARN_DOCUMENTATION_COMMENTS = YES;
				CLANG_WARN_EMPTY_BODY = YES;
				CLANG_WARN_ENUM_CONVERSION = YES;
				CLANG_WARN_INFINITE_RECURSION = YES;
				CLANG_WARN_INT_CONVERSION = YES;
				CLANG_WARN_NON_LITERAL_NULL_CONVERSION = YES;
				CLANG_WARN_OBJC_IMPLICIT_RETAIN_SELF = YES;
				CLANG_WARN_OBJC_LITERAL_CONVERSION = YES;
				CLANG_WARN_OBJC_ROOT_CLASS = YES_ERROR;
				CLANG_WARN_QUOTED_INCLUDE_IN_FRAMEWORK_HEADER = YES;
				CLANG_WARN_RANGE_LOOP_ANALYSIS = YES;
				CLANG_WARN_STRICT_PROTOTYPES = YES;
				CLANG_WARN_SUSPICIOUS_MOVE = YES;
				CLANG_WARN_UNGUARDED_AVAILABILITY = YES_AGGRESSIVE;
				CLANG_WARN_UNREACHABLE_CODE = YES;
				CLANG_WARN__DUPLICATE_METHOD_MATCH = YES;
				COPY_PHASE_STRIP = NO;
				DEBUG_INFORMATION_FORMAT = "dwarf-with-dsym";
				ENABLE_NS_ASSERTIONS = NO;
				ENABLE_STRICT_OBJC_MSGSEND = YES;
				GCC_C_LANGUAGE_STANDARD = gnu11;
				GCC_NO_COMMON_BLOCKS = YES;
				GCC_WARN_64_TO_32_BIT_CONVERSION = YES;
				GCC_WARN_ABOUT_RETURN_TYPE = YES_ERROR;
				GCC_WARN_UNDECLARED_SELECTOR = YES;
				GCC_WARN_UNINITIALIZED_AUTOS = YES_AGGRESSIVE;
				GCC_WARN_UNUSED_FUNCTION = YES;
				GCC_WARN_UNUSED_VARIABLE = YES;
				IPHONEOS_DEPLOYMENT_TARGET = 14.4;
				MTL_ENABLE_DEBUG_INFO = NO;
				MTL_FAST_MATH = YES;
				SDKROOT = iphoneos;
				SWIFT_COMPILATION_MODE = wholemodule;
				SWIFT_OPTIMIZATION_LEVEL = "-O";
				VALIDATE_PRODUCT = YES;
			};
			name = Release;
		};
		39325AF6283649C2002363D1 /* Debug */ = {
			isa = XCBuildConfiguration;
			baseConfigurationReference = 3D9AC734FD0DEC4BE1D57A7C /* Pods-Sample.debug.xcconfig */;
			buildSettings = {
				ASSETCATALOG_COMPILER_APPICON_NAME = AppIcon;
				ASSETCATALOG_COMPILER_GLOBAL_ACCENT_COLOR_NAME = AccentColor;
				CODE_SIGN_STYLE = Automatic;
				INFOPLIST_FILE = Sample/Info.plist;
				LD_RUNPATH_SEARCH_PATHS = (
					"$(inherited)",
					"@executable_path/Frameworks",
				);
				PRODUCT_BUNDLE_IDENTIFIER = com.robosoft.Sample;
				PRODUCT_NAME = "$(TARGET_NAME)";
				SWIFT_VERSION = 5.0;
				TARGETED_DEVICE_FAMILY = "1,2";
			};
			name = Debug;
		};
		39325AF7283649C2002363D1 /* Release */ = {
			isa = XCBuildConfiguration;
			baseConfigurationReference = D8927C75FB4B4AA0BC01F75C /* Pods-Sample.release.xcconfig */;
			buildSettings = {
				ASSETCATALOG_COMPILER_APPICON_NAME = AppIcon;
				ASSETCATALOG_COMPILER_GLOBAL_ACCENT_COLOR_NAME = AccentColor;
				CODE_SIGN_STYLE = Automatic;
				INFOPLIST_FILE = Sample/Info.plist;
				LD_RUNPATH_SEARCH_PATHS = (
					"$(inherited)",
					"@executable_path/Frameworks",
				);
				PRODUCT_BUNDLE_IDENTIFIER = com.robosoft.Sample;
				PRODUCT_NAME = "$(TARGET_NAME)";
				SWIFT_VERSION = 5.0;
				TARGETED_DEVICE_FAMILY = "1,2";
			};
			name = Release;
		};
/* End XCBuildConfiguration section */

/* Begin XCConfigurationList section */
		39325ADC283649C1002363D1 /* Build configuration list for PBXProject "Sample" */ = {
			isa = XCConfigurationList;
			buildConfigurations = (
				39325AF3283649C2002363D1 /* Debug */,
				39325AF4283649C2002363D1 /* Release */,
			);
			defaultConfigurationIsVisible = 0;
			defaultConfigurationName = Release;
		};
		39325AF5283649C2002363D1 /* Build configuration list for PBXNativeTarget "Sample" */ = {
			isa = XCConfigurationList;
			buildConfigurations = (
				39325AF6283649C2002363D1 /* Debug */,
				39325AF7283649C2002363D1 /* Release */,
			);
			defaultConfigurationIsVisible = 0;
			defaultConfigurationName = Release;
		};
/* End XCConfigurationList section */
	};
	rootObject = 39325AD9283649C1002363D1 /* Project object */;
}
